
Microsoft Visual Studio Solution File, Format Version 12.00
# Visual Studio Version 16
VisualStudioVersion = 16.0.30002.166
MinimumVisualStudioVersion = 10.0.40219.1
Project("{9A19103F-16F7-4668-BE54-9A1E7A4F7556}") = "Patient Registration", "Patient Registration\Patient Registration.csproj", "{E389DB27-4EFA-42FA-BCA7-B0AD2E0680CC}"
EndProject
Project("{FAE04EC0-301F-11D3-BF4B-00C04F79EFBC}") = "Patient.Model", "Patient.Model\Patient.Model.csproj", "{4EF7F8C9-AA5E-4A69-BDB6-E44863182E1F}"
EndProject
Project("{FAE04EC0-301F-11D3-BF4B-00C04F79EFBC}") = "Patient.Service", "Patient.Service\Patient.Service.csproj", "{8EBED151-A821-4604-864F-674158B18ADD}"
EndProject
Global
	GlobalSection(SolutionConfigurationPlatforms) = preSolution
		Debug|Any CPU = Debug|Any CPU
		Release|Any CPU = Release|Any CPU
	EndGlobalSection
	GlobalSection(ProjectConfigurationPlatforms) = postSolution
		{E389DB27-4EFA-42FA-BCA7-B0AD2E0680CC}.Debug|Any CPU.ActiveCfg = Debug|Any CPU
		{E389DB27-4EFA-42FA-BCA7-B0AD2E0680CC}.Debug|Any CPU.Build.0 = Debug|Any CPU
		{E389DB27-4EFA-42FA-BCA7-B0AD2E0680CC}.Release|Any CPU.ActiveCfg = Release|Any CPU
		{E389DB27-4EFA-42FA-BCA7-B0AD2E0680CC}.Release|Any CPU.Build.0 = Release|Any CPU
		{4EF7F8C9-AA5E-4A69-BDB6-E44863182E1F}.Debug|Any CPU.ActiveCfg = Debug|Any CPU
		{4EF7F8C9-AA5E-4A69-BDB6-E44863182E1F}.Debug|Any CPU.Build.0 = Debug|Any CPU
		{4EF7F8C9-AA5E-4A69-BDB6-E44863182E1F}.Release|Any CPU.ActiveCfg = Release|Any CPU
		{4EF7F8C9-AA5E-4A69-BDB6-E44863182E1F}.Release|Any CPU.Build.0 = Release|Any CPU
		{8EBED151-A821-4604-864F-674158B18ADD}.Debug|Any CPU.ActiveCfg = Debug|Any CPU
		{8EBED151-A821-4604-864F-674158B18ADD}.Debug|Any CPU.Build.0 = Debug|Any CPU
		{8EBED151-A821-4604-864F-674158B18ADD}.Release|Any CPU.ActiveCfg = Release|Any CPU
		{8EBED151-A821-4604-864F-674158B18ADD}.Release|Any CPU.Build.0 = Release|Any CPU
	EndGlobalSection
	GlobalSection(SolutionProperties) = preSolution
		HideSolutionNode = FALSE
	EndGlobalSection
	GlobalSection(ExtensibilityGlobals) = postSolution
		SolutionGuid = {7AB018C5-A6BE-4F5B-B0C5-9EB291F1388F}
	EndGlobalSection
EndGlobal
